// !$*UTF8*$!
{
	archiveVersion = 1;
	classes = {
	};
	objectVersion = 55;
	objects = {

/* Begin PBXBuildFile section */
		57CC4D462893167300931CB0 /* AppDelegate.swift in Sources */ = {isa = PBXBuildFile; fileRef = 57CC4D452893167300931CB0 /* AppDelegate.swift */; };
		57CC4D482893167300931CB0 /* SceneDelegate.swift in Sources */ = {isa = PBXBuildFile; fileRef = 57CC4D472893167300931CB0 /* SceneDelegate.swift */; };
		57CC4D4A2893167300931CB0 /* ViewController.swift in Sources */ = {isa = PBXBuildFile; fileRef = 57CC4D492893167300931CB0 /* ViewController.swift */; };
		57CC4D4D2893167300931CB0 /* Main.storyboard in Resources */ = {isa = PBXBuildFile; fileRef = 57CC4D4B2893167300931CB0 /* Main.storyboard */; };
		57CC4D4F2893167500931CB0 /* Assets.xcassets in Resources */ = {isa = PBXBuildFile; fileRef = 57CC4D4E2893167500931CB0 /* Assets.xcassets */; };
		57CC4D522893167500931CB0 /* LaunchScreen.storyboard in Resources */ = {isa = PBXBuildFile; fileRef = 57CC4D502893167500931CB0 /* LaunchScreen.storyboard */; };
		57CC4D5D2893167500931CB0 /* DemoEngineTests.swift in Sources */ = {isa = PBXBuildFile; fileRef = 57CC4D5C2893167500931CB0 /* DemoEngineTests.swift */; };
		57CC4D672893167500931CB0 /* DemoEngineUITests.swift in Sources */ = {isa = PBXBuildFile; fileRef = 57CC4D662893167500931CB0 /* DemoEngineUITests.swift */; };
		57CC4D692893167500931CB0 /* DemoEngineUITestsLaunchTests.swift in Sources */ = {isa = PBXBuildFile; fileRef = 57CC4D682893167500931CB0 /* DemoEngineUITestsLaunchTests.swift */; };
		57CC4D77289316CE00931CB0 /* CarSwift.framework in Frameworks */ = {isa = PBXBuildFile; fileRef = 57CC4D76289316CE00931CB0 /* CarSwift.framework */; };
		57CC4D79289316D200931CB0 /* EngineObjC.framework in Frameworks */ = {isa = PBXBuildFile; fileRef = 57CC4D78289316D200931CB0 /* EngineObjC.framework */; };
		57CC4D7B289316D400931CB0 /* EngineSwift.framework in Frameworks */ = {isa = PBXBuildFile; fileRef = 57CC4D7A289316D400931CB0 /* EngineSwift.framework */; };
/* End PBXBuildFile section */

/* Begin PBXContainerItemProxy section */
		57CC4D592893167500931CB0 /* PBXContainerItemProxy */ = {
			isa = PBXContainerItemProxy;
			containerPortal = 57CC4D3A2893167300931CB0 /* Project object */;
			proxyType = 1;
			remoteGlobalIDString = 57CC4D412893167300931CB0;
			remoteInfo = DemoEngine;
		};
		57CC4D632893167500931CB0 /* PBXContainerItemProxy */ = {
			isa = PBXContainerItemProxy;
			containerPortal = 57CC4D3A2893167300931CB0 /* Project object */;
			proxyType = 1;
			remoteGlobalIDString = 57CC4D412893167300931CB0;
			remoteInfo = DemoEngine;
		};
/* End PBXContainerItemProxy section */

/* Begin PBXFileReference section */
		57CC4D422893167300931CB0 /* DemoEngine.app */ = {isa = PBXFileReference; explicitFileType = wrapper.application; includeInIndex = 0; path = DemoEngine.app; sourceTree = BUILT_PRODUCTS_DIR; };
		57CC4D452893167300931CB0 /* AppDelegate.swift */ = {isa = PBXFileReference; lastKnownFileType = sourcecode.swift; path = AppDelegate.swift; sourceTree = "<group>"; };
		57CC4D472893167300931CB0 /* SceneDelegate.swift */ = {isa = PBXFileReference; lastKnownFileType = sourcecode.swift; path = SceneDelegate.swift; sourceTree = "<group>"; };
		57CC4D492893167300931CB0 /* ViewController.swift */ = {isa = PBXFileReference; lastKnownFileType = sourcecode.swift; path = ViewController.swift; sourceTree = "<group>"; };
		57CC4D4C2893167300931CB0 /* Base */ = {isa = PBXFileReference; lastKnownFileType = file.storyboard; name = Base; path = Base.lproj/Main.storyboard; sourceTree = "<group>"; };
		57CC4D4E2893167500931CB0 /* Assets.xcassets */ = {isa = PBXFileReference; lastKnownFileType = folder.assetcatalog; path = Assets.xcassets; sourceTree = "<group>"; };
		57CC4D512893167500931CB0 /* Base */ = {isa = PBXFileReference; lastKnownFileType = file.storyboard; name = Base; path = Base.lproj/LaunchScreen.storyboard; sourceTree = "<group>"; };
		57CC4D532893167500931CB0 /* Info.plist */ = {isa = PBXFileReference; lastKnownFileType = text.plist.xml; path = Info.plist; sourceTree = "<group>"; };
		57CC4D582893167500931CB0 /* DemoEngineTests.xctest */ = {isa = PBXFileReference; explicitFileType = wrapper.cfbundle; includeInIndex = 0; path = DemoEngineTests.xctest; sourceTree = BUILT_PRODUCTS_DIR; };
		57CC4D5C2893167500931CB0 /* DemoEngineTests.swift */ = {isa = PBXFileReference; lastKnownFileType = sourcecode.swift; path = DemoEngineTests.swift; sourceTree = "<group>"; };
		57CC4D622893167500931CB0 /* DemoEngineUITests.xctest */ = {isa = PBXFileReference; explicitFileType = wrapper.cfbundle; includeInIndex = 0; path = DemoEngineUITests.xctest; sourceTree = BUILT_PRODUCTS_DIR; };
		57CC4D662893167500931CB0 /* DemoEngineUITests.swift */ = {isa = PBXFileReference; lastKnownFileType = sourcecode.swift; path = DemoEngineUITests.swift; sourceTree = "<group>"; };
		57CC4D682893167500931CB0 /* DemoEngineUITestsLaunchTests.swift */ = {isa = PBXFileReference; lastKnownFileType = sourcecode.swift; path = DemoEngineUITestsLaunchTests.swift; sourceTree = "<group>"; };
		57CC4D76289316CE00931CB0 /* CarSwift.framework */ = {isa = PBXFileReference; explicitFileType = wrapper.framework; path = CarSwift.framework; sourceTree = BUILT_PRODUCTS_DIR; };
		57CC4D78289316D200931CB0 /* EngineObjC.framework */ = {isa = PBXFileReference; explicitFileType = wrapper.framework; path = EngineObjC.framework; sourceTree = BUILT_PRODUCTS_DIR; };
		57CC4D7A289316D400931CB0 /* EngineSwift.framework */ = {isa = PBXFileReference; explicitFileType = wrapper.framework; path = EngineSwift.framework; sourceTree = BUILT_PRODUCTS_DIR; };
/* End PBXFileReference section */

/* Begin PBXFrameworksBuildPhase section */
		57CC4D3F2893167300931CB0 /* Frameworks */ = {
			isa = PBXFrameworksBuildPhase;
			buildActionMask = 2147483647;
			files = (
				57CC4D7B289316D400931CB0 /* EngineSwift.framework in Frameworks */,
				57CC4D79289316D200931CB0 /* EngineObjC.framework in Frameworks */,
				57CC4D77289316CE00931CB0 /* CarSwift.framework in Frameworks */,
			);
			runOnlyForDeploymentPostprocessing = 0;
		};
		57CC4D552893167500931CB0 /* Frameworks */ = {
			isa = PBXFrameworksBuildPhase;
			buildActionMask = 2147483647;
			files = (
			);
			runOnlyForDeploymentPostprocessing = 0;
		};
		57CC4D5F2893167500931CB0 /* Frameworks */ = {
			isa = PBXFrameworksBuildPhase;
			buildActionMask = 2147483647;
			files = (
			);
			runOnlyForDeploymentPostprocessing = 0;
		};
/* End PBXFrameworksBuildPhase section */

/* Begin PBXGroup section */
		57CC4D392893167300931CB0 = {
			isa = PBXGroup;
			children = (
				57CC4D442893167300931CB0 /* DemoEngine */,
				57CC4D5B2893167500931CB0 /* DemoEngineTests */,
				57CC4D652893167500931CB0 /* DemoEngineUITests */,
				57CC4D432893167300931CB0 /* Products */,
				57CC4D75289316CE00931CB0 /* Frameworks */,
			);
			sourceTree = "<group>";
		};
		57CC4D432893167300931CB0 /* Products */ = {
			isa = PBXGroup;
			children = (
				57CC4D422893167300931CB0 /* DemoEngine.app */,
				57CC4D582893167500931CB0 /* DemoEngineTests.xctest */,
				57CC4D622893167500931CB0 /* DemoEngineUITests.xctest */,
			);
			name = Products;
			sourceTree = "<group>";
		};
		57CC4D442893167300931CB0 /* DemoEngine */ = {
			isa = PBXGroup;
			children = (
				57CC4D452893167300931CB0 /* AppDelegate.swift */,
				57CC4D472893167300931CB0 /* SceneDelegate.swift */,
				57CC4D492893167300931CB0 /* ViewController.swift */,
				57CC4D4B2893167300931CB0 /* Main.storyboard */,
				57CC4D4E2893167500931CB0 /* Assets.xcassets */,
				57CC4D502893167500931CB0 /* LaunchScreen.storyboard */,
				57CC4D532893167500931CB0 /* Info.plist */,
			);
			path = DemoEngine;
			sourceTree = "<group>";
		};
		57CC4D5B2893167500931CB0 /* DemoEngineTests */ = {
			isa = PBXGroup;
			children = (
				57CC4D5C2893167500931CB0 /* DemoEngineTests.swift */,
			);
			path = DemoEngineTests;
			sourceTree = "<group>";
		};
		57CC4D652893167500931CB0 /* DemoEngineUITests */ = {
			isa = PBXGroup;
			children = (
				57CC4D662893167500931CB0 /* DemoEngineUITests.swift */,
				57CC4D682893167500931CB0 /* DemoEngineUITestsLaunchTests.swift */,
			);
			path = DemoEngineUITests;
			sourceTree = "<group>";
		};
		57CC4D75289316CE00931CB0 /* Frameworks */ = {
			isa = PBXGroup;
			children = (
				57CC4D7A289316D400931CB0 /* EngineSwift.framework */,
				57CC4D78289316D200931CB0 /* EngineObjC.framework */,
				57CC4D76289316CE00931CB0 /* CarSwift.framework */,
			);
			name = Frameworks;
			sourceTree = "<group>";
		};
/* End PBXGroup section */

/* Begin PBXNativeTarget section */
		57CC4D412893167300931CB0 /* DemoEngine */ = {
			isa = PBXNativeTarget;
			buildConfigurationList = 57CC4D6C2893167500931CB0 /* Build configuration list for PBXNativeTarget "DemoEngine" */;
			buildPhases = (
				57CC4D3E2893167300931CB0 /* Sources */,
				57CC4D3F2893167300931CB0 /* Frameworks */,
				57CC4D402893167300931CB0 /* Resources */,
			);
			buildRules = (
			);
			dependencies = (
			);
			name = DemoEngine;
			productName = DemoEngine;
			productReference = 57CC4D422893167300931CB0 /* DemoEngine.app */;
			productType = "com.apple.product-type.application";
		};
		57CC4D572893167500931CB0 /* DemoEngineTests */ = {
			isa = PBXNativeTarget;
			buildConfigurationList = 57CC4D6F2893167500931CB0 /* Build configuration list for PBXNativeTarget "DemoEngineTests" */;
			buildPhases = (
				57CC4D542893167500931CB0 /* Sources */,
				57CC4D552893167500931CB0 /* Frameworks */,
				57CC4D562893167500931CB0 /* Resources */,
			);
			buildRules = (
			);
			dependencies = (
				57CC4D5A2893167500931CB0 /* PBXTargetDependency */,
			);
			name = DemoEngineTests;
			productName = DemoEngineTests;
			productReference = 57CC4D582893167500931CB0 /* DemoEngineTests.xctest */;
			productType = "com.apple.product-type.bundle.unit-test";
		};
		57CC4D612893167500931CB0 /* DemoEngineUITests */ = {
			isa = PBXNativeTarget;
			buildConfigurationList = 57CC4D722893167500931CB0 /* Build configuration list for PBXNativeTarget "DemoEngineUITests" */;
			buildPhases = (
				57CC4D5E2893167500931CB0 /* Sources */,
				57CC4D5F2893167500931CB0 /* Frameworks */,
				57CC4D602893167500931CB0 /* Resources */,
			);
			buildRules = (
			);
			dependencies = (
				57CC4D642893167500931CB0 /* PBXTargetDependency */,
			);
			name = DemoEngineUITests;
			productName = DemoEngineUITests;
			productReference = 57CC4D622893167500931CB0 /* DemoEngineUITests.xctest */;
			productType = "com.apple.product-type.bundle.ui-testing";
		};
/* End PBXNativeTarget section */

/* Begin PBXProject section */
		57CC4D3A2893167300931CB0 /* Project object */ = {
			isa = PBXProject;
			attributes = {
				BuildIndependentTargetsInParallel = 1;
				LastSwiftUpdateCheck = 1340;
				LastUpgradeCheck = 1340;
				TargetAttributes = {
					57CC4D412893167300931CB0 = {
						CreatedOnToolsVersion = 13.4.1;
					};
					57CC4D572893167500931CB0 = {
						CreatedOnToolsVersion = 13.4.1;
						TestTargetID = 57CC4D412893167300931CB0;
					};
					57CC4D612893167500931CB0 = {
						CreatedOnToolsVersion = 13.4.1;
						TestTargetID = 57CC4D412893167300931CB0;
					};
				};
			};
			buildConfigurationList = 57CC4D3D2893167300931CB0 /* Build configuration list for PBXProject "DemoEngine" */;
			compatibilityVersion = "Xcode 13.0";
			developmentRegion = en;
			hasScannedForEncodings = 0;
			knownRegions = (
				en,
				Base,
			);
			mainGroup = 57CC4D392893167300931CB0;
			productRefGroup = 57CC4D432893167300931CB0 /* Products */;
			projectDirPath = "";
			projectRoot = "";
			targets = (
				57CC4D412893167300931CB0 /* DemoEngine */,
				57CC4D572893167500931CB0 /* DemoEngineTests */,
				57CC4D612893167500931CB0 /* DemoEngineUITests */,
			);
		};
/* End PBXProject section */

/* Begin PBXResourcesBuildPhase section */
		57CC4D402893167300931CB0 /* Resources */ = {
			isa = PBXResourcesBuildPhase;
			buildActionMask = 2147483647;
			files = (
				57CC4D522893167500931CB0 /* LaunchScreen.storyboard in Resources */,
				57CC4D4F2893167500931CB0 /* Assets.xcassets in Resources */,
				57CC4D4D2893167300931CB0 /* Main.storyboard in Resources */,
			);
			runOnlyForDeploymentPostprocessing = 0;
		};
		57CC4D562893167500931CB0 /* Resources */ = {
			isa = PBXResourcesBuildPhase;
			buildActionMask = 2147483647;
			files = (
			);
			runOnlyForDeploymentPostprocessing = 0;
		};
		57CC4D602893167500931CB0 /* Resources */ = {
			isa = PBXResourcesBuildPhase;
			buildActionMask = 2147483647;
			files = (
			);
			runOnlyForDeploymentPostprocessing = 0;
		};
/* End PBXResourcesBuildPhase section */

/* Begin PBXSourcesBuildPhase section */
		57CC4D3E2893167300931CB0 /* Sources */ = {
			isa = PBXSourcesBuildPhase;
			buildActionMask = 2147483647;
			files = (
				57CC4D4A2893167300931CB0 /* ViewController.swift in Sources */,
				57CC4D462893167300931CB0 /* AppDelegate.swift in Sources */,
				57CC4D482893167300931CB0 /* SceneDelegate.swift in Sources */,
			);
			runOnlyForDeploymentPostprocessing = 0;
		};
		57CC4D542893167500931CB0 /* Sources */ = {
			isa = PBXSourcesBuildPhase;
			buildActionMask = 2147483647;
			files = (
				57CC4D5D2893167500931CB0 /* DemoEngineTests.swift in Sources */,
			);
			runOnlyForDeploymentPostprocessing = 0;
		};
		57CC4D5E2893167500931CB0 /* Sources */ = {
			isa = PBXSourcesBuildPhase;
			buildActionMask = 2147483647;
			files = (
				57CC4D672893167500931CB0 /* DemoEngineUITests.swift in Sources */,
				57CC4D692893167500931CB0 /* DemoEngineUITestsLaunchTests.swift in Sources */,
			);
			runOnlyForDeploymentPostprocessing = 0;
		};
/* End PBXSourcesBuildPhase section */

/* Begin PBXTargetDependency section */
		57CC4D5A2893167500931CB0 /* PBXTargetDependency */ = {
			isa = PBXTargetDependency;
			target = 57CC4D412893167300931CB0 /* DemoEngine */;
			targetProxy = 57CC4D592893167500931CB0 /* PBXContainerItemProxy */;
		};
		57CC4D642893167500931CB0 /* PBXTargetDependency */ = {
			isa = PBXTargetDependency;
			target = 57CC4D412893167300931CB0 /* DemoEngine */;
			targetProxy = 57CC4D632893167500931CB0 /* PBXContainerItemProxy */;
		};
/* End PBXTargetDependency section */

/* Begin PBXVariantGroup section */
		57CC4D4B2893167300931CB0 /* Main.storyboard */ = {
			isa = PBXVariantGroup;
			children = (
				57CC4D4C2893167300931CB0 /* Base */,
			);
			name = Main.storyboard;
			sourceTree = "<group>";
		};
		57CC4D502893167500931CB0 /* LaunchScreen.storyboard */ = {
			isa = PBXVariantGroup;
			children = (
				57CC4D512893167500931CB0 /* Base */,
			);
			name = LaunchScreen.storyboard;
			sourceTree = "<group>";
		};
/* End PBXVariantGroup section */

/* Begin XCBuildConfiguration section */
		57CC4D6A2893167500931CB0 /* Debug */ = {
			isa = XCBuildConfiguration;
			buildSettings = {
				ALWAYS_SEARCH_USER_PATHS = NO;
				CLANG_ANALYZER_NONNULL = YES;
				CLANG_ANALYZER_NUMBER_OBJECT_CONVERSION = YES_AGGRESSIVE;
				CLANG_CXX_LANGUAGE_STANDARD = "gnu++17";
				CLANG_ENABLE_MODULES = YES;
				CLANG_ENABLE_OBJC_ARC = YES;
				CLANG_ENABLE_OBJC_WEAK = YES;
				CLANG_WARN_BLOCK_CAPTURE_AUTORELEASING = YES;
				CLANG_WARN_BOOL_CONVERSION = YES;
				CLANG_WARN_COMMA = YES;
				CLANG_WARN_CONSTANT_CONVERSION = YES;
				CLANG_WARN_DEPRECATED_OBJC_IMPLEMENTATIONS = YES;
				CLANG_WARN_DIRECT_OBJC_ISA_USAGE = YES_ERROR;
				CLANG_WARN_DOCUMENTATION_COMMENTS = YES;
				CLANG_WARN_EMPTY_BODY = YES;
				CLANG_WARN_ENUM_CONVERSION = YES;
				CLANG_WARN_INFINITE_RECURSION = YES;
				CLANG_WARN_INT_CONVERSION = YES;
				CLANG_WARN_NON_LITERAL_NULL_CONVERSION = YES;
				CLANG_WARN_OBJC_IMPLICIT_RETAIN_SELF = YES;
				CLANG_WARN_OBJC_LITERAL_CONVERSION = YES;
				CLANG_WARN_OBJC_ROOT_CLASS = YES_ERROR;
				CLANG_WARN_QUOTED_INCLUDE_IN_FRAMEWORK_HEADER = YES;
				CLANG_WARN_RANGE_LOOP_ANALYSIS = YES;
				CLANG_WARN_STRICT_PROTOTYPES = YES;
				CLANG_WARN_SUSPICIOUS_MOVE = YES;
				CLANG_WARN_UNGUARDED_AVAILABILITY = YES_AGGRESSIVE;
				CLANG_WARN_UNREACHABLE_CODE = YES;
				CLANG_WARN__DUPLICATE_METHOD_MATCH = YES;
				COPY_PHASE_STRIP = NO;
				DEBUG_INFORMATION_FORMAT = dwarf;
				ENABLE_STRICT_OBJC_MSGSEND = YES;
				ENABLE_TESTABILITY = YES;
				GCC_C_LANGUAGE_STANDARD = gnu11;
				GCC_DYNAMIC_NO_PIC = NO;
				GCC_NO_COMMON_BLOCKS = YES;
				GCC_OPTIMIZATION_LEVEL = 0;
				GCC_PREPROCESSOR_DEFINITIONS = (
					"DEBUG=1",
					"$(inherited)",
				);
				GCC_WARN_64_TO_32_BIT_CONVERSION = YES;
				GCC_WARN_ABOUT_RETURN_TYPE = YES_ERROR;
				GCC_WARN_UNDECLARED_SELECTOR = YES;
				GCC_WARN_UNINITIALIZED_AUTOS = YES_AGGRESSIVE;
				GCC_WARN_UNUSED_FUNCTION = YES;
				GCC_WARN_UNUSED_VARIABLE = YES;
				IPHONEOS_DEPLOYMENT_TARGET = 15.5;
				MTL_ENABLE_DEBUG_INFO = INCLUDE_SOURCE;
				MTL_FAST_MATH = YES;
				ONLY_ACTIVE_ARCH = YES;
				SDKROOT = iphoneos;
				SWIFT_ACTIVE_COMPILATION_CONDITIONS = DEBUG;
				SWIFT_OPTIMIZATION_LEVEL = "-Onone";
			};
			name = Debug;
		};
		57CC4D6B2893167500931CB0 /* Release */ = {
			isa = XCBuildConfiguration;
			buildSettings = {
				ALWAYS_SEARCH_USER_PATHS = NO;
				CLANG_ANALYZER_NONNULL = YES;
				CLANG_ANALYZER_NUMBER_OBJECT_CONVERSION = YES_AGGRESSIVE;
				CLANG_CXX_LANGUAGE_STANDARD = "gnu++17";
				CLANG_ENABLE_MODULES = YES;
				CLANG_ENABLE_OBJC_ARC = YES;
				CLANG_ENABLE_OBJC_WEAK = YES;
				CLANG_WARN_BLOCK_CAPTURE_AUTORELEASING = YES;
				CLANG_WARN_BOOL_CONVERSION = YES;
				CLANG_WARN_COMMA = YES;
				CLANG_WARN_CONSTANT_CONVERSION = YES;
				CLANG_WARN_DEPRECATED_OBJC_IMPLEMENTATIONS = YES;
				CLANG_WARN_DIRECT_OBJC_ISA_USAGE = YES_ERROR;
				CLANG_WARN_DOCUMENTATION_COMMENTS = YES;
				CLANG_WARN_EMPTY_BODY = YES;
				CLANG_WARN_ENUM_CONVERSION = YES;
				CLANG_WARN_INFINITE_RECURSION = YES;
				CLANG_WARN_INT_CONVERSION = YES;
				CLANG_WARN_NON_LITERAL_NULL_CONVERSION = YES;
				CLANG_WARN_OBJC_IMPLICIT_RETAIN_SELF = YES;
				CLANG_WARN_OBJC_LITERAL_CONVERSION = YES;
				CLANG_WARN_OBJC_ROOT_CLASS = YES_ERROR;
				CLANG_WARN_QUOTED_INCLUDE_IN_FRAMEWORK_HEADER = YES;
				CLANG_WARN_RANGE_LOOP_ANALYSIS = YES;
				CLANG_WARN_STRICT_PROTOTYPES = YES;
				CLANG_WARN_SUSPICIOUS_MOVE = YES;
				CLANG_WARN_UNGUARDED_AVAILABILITY = YES_AGGRESSIVE;
				CLANG_WARN_UNREACHABLE_CODE = YES;
				CLANG_WARN__DUPLICATE_METHOD_MATCH = YES;
				COPY_PHASE_STRIP = NO;
				DEBUG_INFORMATION_FORMAT = "dwarf-with-dsym";
				ENABLE_NS_ASSERTIONS = NO;
				ENABLE_STRICT_OBJC_MSGSEND = YES;
				GCC_C_LANGUAGE_STANDARD = gnu11;
				GCC_NO_COMMON_BLOCKS = YES;
				GCC_WARN_64_TO_32_BIT_CONVERSION = YES;
				GCC_WARN_ABOUT_RETURN_TYPE = YES_ERROR;
				GCC_WARN_UNDECLARED_SELECTOR = YES;
				GCC_WARN_UNINITIALIZED_AUTOS = YES_AGGRESSIVE;
				GCC_WARN_UNUSED_FUNCTION = YES;
				GCC_WARN_UNUSED_VARIABLE = YES;
				IPHONEOS_DEPLOYMENT_TARGET = 15.5;
				MTL_ENABLE_DEBUG_INFO = NO;
				MTL_FAST_MATH = YES;
				SDKROOT = iphoneos;
				SWIFT_COMPILATION_MODE = wholemodule;
				SWIFT_OPTIMIZATION_LEVEL = "-O";
				VALIDATE_PRODUCT = YES;
			};
			name = Release;
		};
		57CC4D6D2893167500931CB0 /* Debug */ = {
			isa = XCBuildConfiguration;
			buildSettings = {
				ASSETCATALOG_COMPILER_APPICON_NAME = AppIcon;
				ASSETCATALOG_COMPILER_GLOBAL_ACCENT_COLOR_NAME = AccentColor;
				CODE_SIGN_STYLE = Automatic;
				CURRENT_PROJECT_VERSION = 1;
				GENERATE_INFOPLIST_FILE = YES;
				INFOPLIST_FILE = DemoEngine/Info.plist;
				INFOPLIST_KEY_UIApplicationSupportsIndirectInputEvents = YES;
				INFOPLIST_KEY_UILaunchStoryboardName = LaunchScreen;
				INFOPLIST_KEY_UIMainStoryboardFile = Main;
				INFOPLIST_KEY_UISupportedInterfaceOrientations_iPad = "UIInterfaceOrientationPortrait UIInterfaceOrientationPortraitUpsideDown UIInterfaceOrientationLandscapeLeft UIInterfaceOrientationLandscapeRight";
				INFOPLIST_KEY_UISupportedInterfaceOrientations_iPhone = "UIInterfaceOrientationPortrait UIInterfaceOrientationLandscapeLeft UIInterfaceOrientationLandscapeRight";
				LD_RUNPATH_SEARCH_PATHS = (
					"$(inherited)",
					"@executable_path/Frameworks",
				);
				MARKETING_VERSION = 1.0;
				PRODUCT_BUNDLE_IDENTIFIER = com.braintree.DemoEngine;
				PRODUCT_NAME = "$(TARGET_NAME)";
				SWIFT_EMIT_LOC_STRINGS = YES;
				SWIFT_VERSION = 5.0;
				TARGETED_DEVICE_FAMILY = "1,2";
			};
			name = Debug;
		};
		57CC4D6E2893167500931CB0 /* Release */ = {
			isa = XCBuildConfiguration;
			buildSettings = {
				ASSETCATALOG_COMPILER_APPICON_NAME = AppIcon;
				ASSETCATALOG_COMPILER_GLOBAL_ACCENT_COLOR_NAME = AccentColor;
				CODE_SIGN_STYLE = Automatic;
				CURRENT_PROJECT_VERSION = 1;
				GENERATE_INFOPLIST_FILE = YES;
				INFOPLIST_FILE = DemoEngine/Info.plist;
				INFOPLIST_KEY_UIApplicationSupportsIndirectInputEvents = YES;
				INFOPLIST_KEY_UILaunchStoryboardName = LaunchScreen;
				INFOPLIST_KEY_UIMainStoryboardFile = Main;
				INFOPLIST_KEY_UISupportedInterfaceOrientations_iPad = "UIInterfaceOrientationPortrait UIInterfaceOrientationPortraitUpsideDown UIInterfaceOrientationLandscapeLeft UIInterfaceOrientationLandscapeRight";
				INFOPLIST_KEY_UISupportedInterfaceOrientations_iPhone = "UIInterfaceOrientationPortrait UIInterfaceOrientationLandscapeLeft UIInterfaceOrientationLandscapeRight";
				LD_RUNPATH_SEARCH_PATHS = (
					"$(inherited)",
					"@executable_path/Frameworks",
				);
				MARKETING_VERSION = 1.0;
				PRODUCT_BUNDLE_IDENTIFIER = com.braintree.DemoEngine;
				PRODUCT_NAME = "$(TARGET_NAME)";
				SWIFT_EMIT_LOC_STRINGS = YES;
				SWIFT_VERSION = 5.0;
				TARGETED_DEVICE_FAMILY = "1,2";
			};
			name = Release;
		};
		57CC4D702893167500931CB0 /* Debug */ = {
			isa = XCBuildConfiguration;
			buildSettings = {
				ALWAYS_EMBED_SWIFT_STANDARD_LIBRARIES = YES;
				BUNDLE_LOADER = "$(TEST_HOST)";
				CODE_SIGN_STYLE = Automatic;
				CURRENT_PROJECT_VERSION = 1;
				GENERATE_INFOPLIST_FILE = YES;
				IPHONEOS_DEPLOYMENT_TARGET = 15.5;
				MARKETING_VERSION = 1.0;
				PRODUCT_BUNDLE_IDENTIFIER = com.braintree.DemoEngineTests;
				PRODUCT_NAME = "$(TARGET_NAME)";
				SWIFT_EMIT_LOC_STRINGS = NO;
				SWIFT_VERSION = 5.0;
				TARGETED_DEVICE_FAMILY = "1,2";
				TEST_HOST = "$(BUILT_PRODUCTS_DIR)/DemoEngine.app/DemoEngine";
			};
			name = Debug;
		};
		57CC4D712893167500931CB0 /* Release */ = {
			isa = XCBuildConfiguration;
			buildSettings = {
				ALWAYS_EMBED_SWIFT_STANDARD_LIBRARIES = YES;
				BUNDLE_LOADER = "$(TEST_HOST)";
				CODE_SIGN_STYLE = Automatic;
				CURRENT_PROJECT_VERSION = 1;
				GENERATE_INFOPLIST_FILE = YES;
				IPHONEOS_DEPLOYMENT_TARGET = 15.5;
				MARKETING_VERSION = 1.0;
				PRODUCT_BUNDLE_IDENTIFIER = com.braintree.DemoEngineTests;
				PRODUCT_NAME = "$(TARGET_NAME)";
				SWIFT_EMIT_LOC_STRINGS = NO;
				SWIFT_VERSION = 5.0;
				TARGETED_DEVICE_FAMILY = "1,2";
				TEST_HOST = "$(BUILT_PRODUCTS_DIR)/DemoEngine.app/DemoEngine";
			};
			name = Release;
		};
		57CC4D732893167500931CB0 /* Debug */ = {
			isa = XCBuildConfiguration;
			buildSettings = {
				ALWAYS_EMBED_SWIFT_STANDARD_LIBRARIES = YES;
				CODE_SIGN_STYLE = Automatic;
				CURRENT_PROJECT_VERSION = 1;
				GENERATE_INFOPLIST_FILE = YES;
				MARKETING_VERSION = 1.0;
				PRODUCT_BUNDLE_IDENTIFIER = com.braintree.DemoEngineUITests;
				PRODUCT_NAME = "$(TARGET_NAME)";
				SWIFT_EMIT_LOC_STRINGS = NO;
				SWIFT_VERSION = 5.0;
				TARGETED_DEVICE_FAMILY = "1,2";
				TEST_TARGET_NAME = DemoEngine;
			};
			name = Debug;
		};
		57CC4D742893167500931CB0 /* Release */ = {
			isa = XCBuildConfiguration;
			buildSettings = {
				ALWAYS_EMBED_SWIFT_STANDARD_LIBRARIES = YES;
				CODE_SIGN_STYLE = Automatic;
				CURRENT_PROJECT_VERSION = 1;
				GENERATE_INFOPLIST_FILE = YES;
				MARKETING_VERSION = 1.0;
				PRODUCT_BUNDLE_IDENTIFIER = com.braintree.DemoEngineUITests;
				PRODUCT_NAME = "$(TARGET_NAME)";
				SWIFT_EMIT_LOC_STRINGS = NO;
				SWIFT_VERSION = 5.0;
				TARGETED_DEVICE_FAMILY = "1,2";
				TEST_TARGET_NAME = DemoEngine;
			};
			name = Release;
		};
/* End XCBuildConfiguration section */

/* Begin XCConfigurationList section */
		57CC4D3D2893167300931CB0 /* Build configuration list for PBXProject "DemoEngine" */ = {
			isa = XCConfigurationList;
			buildConfigurations = (
				57CC4D6A2893167500931CB0 /* Debug */,
				57CC4D6B2893167500931CB0 /* Release */,
			);
			defaultConfigurationIsVisible = 0;
			defaultConfigurationName = Release;
		};
		57CC4D6C2893167500931CB0 /* Build configuration list for PBXNativeTarget "DemoEngine" */ = {
			isa = XCConfigurationList;
			buildConfigurations = (
				57CC4D6D2893167500931CB0 /* Debug */,
				57CC4D6E2893167500931CB0 /* Release */,
			);
			defaultConfigurationIsVisible = 0;
			defaultConfigurationName = Release;
		};
		57CC4D6F2893167500931CB0 /* Build configuration list for PBXNativeTarget "DemoEngineTests" */ = {
			isa = XCConfigurationList;
			buildConfigurations = (
				57CC4D702893167500931CB0 /* Debug */,
				57CC4D712893167500931CB0 /* Release */,
			);
			defaultConfigurationIsVisible = 0;
			defaultConfigurationName = Release;
		};
		57CC4D722893167500931CB0 /* Build configuration list for PBXNativeTarget "DemoEngineUITests" */ = {
			isa = XCConfigurationList;
			buildConfigurations = (
				57CC4D732893167500931CB0 /* Debug */,
				57CC4D742893167500931CB0 /* Release */,
			);
			defaultConfigurationIsVisible = 0;
			defaultConfigurationName = Release;
		};
/* End XCConfigurationList section */
	};
	rootObject = 57CC4D3A2893167300931CB0 /* Project object */;
}
